// !$*UTF8*$!
{
	archiveVersion = 1;
	classes = {
	};
	objectVersion = 46;
	objects = {

/* Begin PBXBuildFile section */
		3A6A577D1D6EBFD2003A430A /* AppDelegate.swift in Sources */ = {isa = PBXBuildFile; fileRef = 3A6A577C1D6EBFD2003A430A /* AppDelegate.swift */; };
		3A6A577F1D6EBFD2003A430A /* ViewController.swift in Sources */ = {isa = PBXBuildFile; fileRef = 3A6A577E1D6EBFD2003A430A /* ViewController.swift */; };
		3A6A57821D6EBFD2003A430A /* Main.storyboard in Resources */ = {isa = PBXBuildFile; fileRef = 3A6A57801D6EBFD2003A430A /* Main.storyboard */; };
		3A6A57841D6EBFD2003A430A /* Assets.xcassets in Resources */ = {isa = PBXBuildFile; fileRef = 3A6A57831D6EBFD2003A430A /* Assets.xcassets */; };
		3A6A57871D6EBFD2003A430A /* LaunchScreen.storyboard in Resources */ = {isa = PBXBuildFile; fileRef = 3A6A57851D6EBFD2003A430A /* LaunchScreen.storyboard */; };
		3A6A57921D6EBFD2003A430A /* LeEatTests.swift in Sources */ = {isa = PBXBuildFile; fileRef = 3A6A57911D6EBFD2003A430A /* LeEatTests.swift */; };
		3A6A579D1D6EBFD2003A430A /* LeEatUITests.swift in Sources */ = {isa = PBXBuildFile; fileRef = 3A6A579C1D6EBFD2003A430A /* LeEatUITests.swift */; };
		3A84B35B1D6ECBE30018496E /* LeEatAPI.swift in Sources */ = {isa = PBXBuildFile; fileRef = 3A84B35A1D6ECBE30018496E /* LeEatAPI.swift */; };
		3A84B35D1D6EDFD80018496E /* User.swift in Sources */ = {isa = PBXBuildFile; fileRef = 3A84B35C1D6EDFD80018496E /* User.swift */; };
		9576963563C867643D710307 /* Pods_LeEat.framework in Frameworks */ = {isa = PBXBuildFile; fileRef = E420CE8CA9BCD7A410F08448 /* Pods_LeEat.framework */; };
/* End PBXBuildFile section */

/* Begin PBXContainerItemProxy section */
		3A6A578E1D6EBFD2003A430A /* PBXContainerItemProxy */ = {
			isa = PBXContainerItemProxy;
			containerPortal = 3A6A57711D6EBFD2003A430A /* Project object */;
			proxyType = 1;
			remoteGlobalIDString = 3A6A57781D6EBFD2003A430A;
			remoteInfo = LeEat;
		};
		3A6A57991D6EBFD2003A430A /* PBXContainerItemProxy */ = {
			isa = PBXContainerItemProxy;
			containerPortal = 3A6A57711D6EBFD2003A430A /* Project object */;
			proxyType = 1;
			remoteGlobalIDString = 3A6A57781D6EBFD2003A430A;
			remoteInfo = LeEat;
		};
/* End PBXContainerItemProxy section */

/* Begin PBXFileReference section */
		3A6A57791D6EBFD2003A430A /* LeEat.app */ = {isa = PBXFileReference; explicitFileType = wrapper.application; includeInIndex = 0; path = LeEat.app; sourceTree = BUILT_PRODUCTS_DIR; };
		3A6A577C1D6EBFD2003A430A /* AppDelegate.swift */ = {isa = PBXFileReference; lastKnownFileType = sourcecode.swift; path = AppDelegate.swift; sourceTree = "<group>"; };
		3A6A577E1D6EBFD2003A430A /* ViewController.swift */ = {isa = PBXFileReference; lastKnownFileType = sourcecode.swift; path = ViewController.swift; sourceTree = "<group>"; };
		3A6A57811D6EBFD2003A430A /* Base */ = {isa = PBXFileReference; lastKnownFileType = file.storyboard; name = Base; path = Base.lproj/Main.storyboard; sourceTree = "<group>"; };
		3A6A57831D6EBFD2003A430A /* Assets.xcassets */ = {isa = PBXFileReference; lastKnownFileType = folder.assetcatalog; path = Assets.xcassets; sourceTree = "<group>"; };
		3A6A57861D6EBFD2003A430A /* Base */ = {isa = PBXFileReference; lastKnownFileType = file.storyboard; name = Base; path = Base.lproj/LaunchScreen.storyboard; sourceTree = "<group>"; };
		3A6A57881D6EBFD2003A430A /* Info.plist */ = {isa = PBXFileReference; lastKnownFileType = text.plist.xml; path = Info.plist; sourceTree = "<group>"; };
		3A6A578D1D6EBFD2003A430A /* LeEatTests.xctest */ = {isa = PBXFileReference; explicitFileType = wrapper.cfbundle; includeInIndex = 0; path = LeEatTests.xctest; sourceTree = BUILT_PRODUCTS_DIR; };
		3A6A57911D6EBFD2003A430A /* LeEatTests.swift */ = {isa = PBXFileReference; lastKnownFileType = sourcecode.swift; path = LeEatTests.swift; sourceTree = "<group>"; };
		3A6A57931D6EBFD2003A430A /* Info.plist */ = {isa = PBXFileReference; lastKnownFileType = text.plist.xml; path = Info.plist; sourceTree = "<group>"; };
		3A6A57981D6EBFD2003A430A /* LeEatUITests.xctest */ = {isa = PBXFileReference; explicitFileType = wrapper.cfbundle; includeInIndex = 0; path = LeEatUITests.xctest; sourceTree = BUILT_PRODUCTS_DIR; };
		3A6A579C1D6EBFD2003A430A /* LeEatUITests.swift */ = {isa = PBXFileReference; lastKnownFileType = sourcecode.swift; path = LeEatUITests.swift; sourceTree = "<group>"; };
		3A6A579E1D6EBFD2003A430A /* Info.plist */ = {isa = PBXFileReference; lastKnownFileType = text.plist.xml; path = Info.plist; sourceTree = "<group>"; };
		3A84B35A1D6ECBE30018496E /* LeEatAPI.swift */ = {isa = PBXFileReference; fileEncoding = 4; lastKnownFileType = sourcecode.swift; path = LeEatAPI.swift; sourceTree = "<group>"; };
		3A84B35C1D6EDFD80018496E /* User.swift */ = {isa = PBXFileReference; fileEncoding = 4; lastKnownFileType = sourcecode.swift; path = User.swift; sourceTree = "<group>"; };
		9A775EF1008BE826E3B95BFE /* Pods-LeEat.release.xcconfig */ = {isa = PBXFileReference; includeInIndex = 1; lastKnownFileType = text.xcconfig; name = "Pods-LeEat.release.xcconfig"; path = "Pods/Target Support Files/Pods-LeEat/Pods-LeEat.release.xcconfig"; sourceTree = "<group>"; };
		B08F84725C8737C9E2C6FF2F /* Pods-LeEat.debug.xcconfig */ = {isa = PBXFileReference; includeInIndex = 1; lastKnownFileType = text.xcconfig; name = "Pods-LeEat.debug.xcconfig"; path = "Pods/Target Support Files/Pods-LeEat/Pods-LeEat.debug.xcconfig"; sourceTree = "<group>"; };
		E420CE8CA9BCD7A410F08448 /* Pods_LeEat.framework */ = {isa = PBXFileReference; explicitFileType = wrapper.framework; includeInIndex = 0; path = Pods_LeEat.framework; sourceTree = BUILT_PRODUCTS_DIR; };
/* End PBXFileReference section */

/* Begin PBXFrameworksBuildPhase section */
		3A6A57761D6EBFD2003A430A /* Frameworks */ = {
			isa = PBXFrameworksBuildPhase;
			buildActionMask = 2147483647;
			files = (
				9576963563C867643D710307 /* Pods_LeEat.framework in Frameworks */,
			);
			runOnlyForDeploymentPostprocessing = 0;
		};
		3A6A578A1D6EBFD2003A430A /* Frameworks */ = {
			isa = PBXFrameworksBuildPhase;
			buildActionMask = 2147483647;
			files = (
			);
			runOnlyForDeploymentPostprocessing = 0;
		};
		3A6A57951D6EBFD2003A430A /* Frameworks */ = {
			isa = PBXFrameworksBuildPhase;
			buildActionMask = 2147483647;
			files = (
			);
			runOnlyForDeploymentPostprocessing = 0;
		};
/* End PBXFrameworksBuildPhase section */

/* Begin PBXGroup section */
		2FEA37623A51E505EE9F4697 /* Frameworks */ = {
			isa = PBXGroup;
			children = (
				E420CE8CA9BCD7A410F08448 /* Pods_LeEat.framework */,
			);
			name = Frameworks;
			sourceTree = "<group>";
		};
		3A6A57701D6EBFD2003A430A = {
			isa = PBXGroup;
			children = (
				3A6A577B1D6EBFD2003A430A /* LeEat */,
				3A6A57901D6EBFD2003A430A /* LeEatTests */,
				3A6A579B1D6EBFD2003A430A /* LeEatUITests */,
				3A6A577A1D6EBFD2003A430A /* Products */,
				6E00F11EA2EB95CA5488459F /* Pods */,
				2FEA37623A51E505EE9F4697 /* Frameworks */,
			);
			sourceTree = "<group>";
		};
		3A6A577A1D6EBFD2003A430A /* Products */ = {
			isa = PBXGroup;
			children = (
				3A6A57791D6EBFD2003A430A /* LeEat.app */,
				3A6A578D1D6EBFD2003A430A /* LeEatTests.xctest */,
				3A6A57981D6EBFD2003A430A /* LeEatUITests.xctest */,
			);
			name = Products;
			sourceTree = "<group>";
		};
		3A6A577B1D6EBFD2003A430A /* LeEat */ = {
			isa = PBXGroup;
			children = (
				3A84B3591D6EC87F0018496E /* VC */,
				3A84B3581D6EC8770018496E /* Model */,
				3A84B3571D6EC8690018496E /* View */,
				3A84B3561D6EC8620018496E /* API */,
				3A6A577C1D6EBFD2003A430A /* AppDelegate.swift */,
				3A6A57801D6EBFD2003A430A /* Main.storyboard */,
				3A6A57831D6EBFD2003A430A /* Assets.xcassets */,
				3A6A57851D6EBFD2003A430A /* LaunchScreen.storyboard */,
				3A6A57881D6EBFD2003A430A /* Info.plist */,
			);
			path = LeEat;
			sourceTree = "<group>";
		};
		3A6A57901D6EBFD2003A430A /* LeEatTests */ = {
			isa = PBXGroup;
			children = (
				3A6A57911D6EBFD2003A430A /* LeEatTests.swift */,
				3A6A57931D6EBFD2003A430A /* Info.plist */,
			);
			path = LeEatTests;
			sourceTree = "<group>";
		};
		3A6A579B1D6EBFD2003A430A /* LeEatUITests */ = {
			isa = PBXGroup;
			children = (
				3A6A579C1D6EBFD2003A430A /* LeEatUITests.swift */,
				3A6A579E1D6EBFD2003A430A /* Info.plist */,
			);
			path = LeEatUITests;
			sourceTree = "<group>";
		};
		3A84B3561D6EC8620018496E /* API */ = {
			isa = PBXGroup;
			children = (
				3A84B35A1D6ECBE30018496E /* LeEatAPI.swift */,
			);
			name = API;
			sourceTree = "<group>";
		};
		3A84B3571D6EC8690018496E /* View */ = {
			isa = PBXGroup;
			children = (
			);
			name = View;
			sourceTree = "<group>";
		};
		3A84B3581D6EC8770018496E /* Model */ = {
			isa = PBXGroup;
			children = (
				3A84B35C1D6EDFD80018496E /* User.swift */,
			);
			name = Model;
			sourceTree = "<group>";
		};
		3A84B3591D6EC87F0018496E /* VC */ = {
			isa = PBXGroup;
			children = (
				3A6A577E1D6EBFD2003A430A /* ViewController.swift */,
			);
			name = VC;
			sourceTree = "<group>";
		};
		6E00F11EA2EB95CA5488459F /* Pods */ = {
			isa = PBXGroup;
			children = (
				B08F84725C8737C9E2C6FF2F /* Pods-LeEat.debug.xcconfig */,
				9A775EF1008BE826E3B95BFE /* Pods-LeEat.release.xcconfig */,
			);
			name = Pods;
			sourceTree = "<group>";
		};
/* End PBXGroup section */

/* Begin PBXNativeTarget section */
		3A6A57781D6EBFD2003A430A /* LeEat */ = {
			isa = PBXNativeTarget;
			buildConfigurationList = 3A6A57A11D6EBFD2003A430A /* Build configuration list for PBXNativeTarget "LeEat" */;
			buildPhases = (
				8F8799CEB50DC296CF7300C1 /* Check Pods Manifest.lock */,
				3A6A57751D6EBFD2003A430A /* Sources */,
				3A6A57761D6EBFD2003A430A /* Frameworks */,
				3A6A57771D6EBFD2003A430A /* Resources */,
				8930D5051DCE323A4FF23355 /* Embed Pods Frameworks */,
				EB53ACEDEDA1D502122DABB6 /* Copy Pods Resources */,
			);
			buildRules = (
			);
			dependencies = (
			);
			name = LeEat;
			productName = LeEat;
			productReference = 3A6A57791D6EBFD2003A430A /* LeEat.app */;
			productType = "com.apple.product-type.application";
		};
		3A6A578C1D6EBFD2003A430A /* LeEatTests */ = {
			isa = PBXNativeTarget;
			buildConfigurationList = 3A6A57A41D6EBFD2003A430A /* Build configuration list for PBXNativeTarget "LeEatTests" */;
			buildPhases = (
				3A6A57891D6EBFD2003A430A /* Sources */,
				3A6A578A1D6EBFD2003A430A /* Frameworks */,
				3A6A578B1D6EBFD2003A430A /* Resources */,
			);
			buildRules = (
			);
			dependencies = (
				3A6A578F1D6EBFD2003A430A /* PBXTargetDependency */,
			);
			name = LeEatTests;
			productName = LeEatTests;
			productReference = 3A6A578D1D6EBFD2003A430A /* LeEatTests.xctest */;
			productType = "com.apple.product-type.bundle.unit-test";
		};
		3A6A57971D6EBFD2003A430A /* LeEatUITests */ = {
			isa = PBXNativeTarget;
			buildConfigurationList = 3A6A57A71D6EBFD2003A430A /* Build configuration list for PBXNativeTarget "LeEatUITests" */;
			buildPhases = (
				3A6A57941D6EBFD2003A430A /* Sources */,
				3A6A57951D6EBFD2003A430A /* Frameworks */,
				3A6A57961D6EBFD2003A430A /* Resources */,
			);
			buildRules = (
			);
			dependencies = (
				3A6A579A1D6EBFD2003A430A /* PBXTargetDependency */,
			);
			name = LeEatUITests;
			productName = LeEatUITests;
			productReference = 3A6A57981D6EBFD2003A430A /* LeEatUITests.xctest */;
			productType = "com.apple.product-type.bundle.ui-testing";
		};
/* End PBXNativeTarget section */

/* Begin PBXProject section */
		3A6A57711D6EBFD2003A430A /* Project object */ = {
			isa = PBXProject;
			attributes = {
				LastSwiftUpdateCheck = 0730;
				LastUpgradeCheck = 0730;
				ORGANIZATIONNAME = wuguanyu;
				TargetAttributes = {
					3A6A57781D6EBFD2003A430A = {
						CreatedOnToolsVersion = 7.3.1;
					};
					3A6A578C1D6EBFD2003A430A = {
						CreatedOnToolsVersion = 7.3.1;
						TestTargetID = 3A6A57781D6EBFD2003A430A;
					};
					3A6A57971D6EBFD2003A430A = {
						CreatedOnToolsVersion = 7.3.1;
						TestTargetID = 3A6A57781D6EBFD2003A430A;
					};
				};
			};
			buildConfigurationList = 3A6A57741D6EBFD2003A430A /* Build configuration list for PBXProject "LeEat" */;
			compatibilityVersion = "Xcode 3.2";
			developmentRegion = English;
			hasScannedForEncodings = 0;
			knownRegions = (
				en,
				Base,
			);
			mainGroup = 3A6A57701D6EBFD2003A430A;
			productRefGroup = 3A6A577A1D6EBFD2003A430A /* Products */;
			projectDirPath = "";
			projectRoot = "";
			targets = (
				3A6A57781D6EBFD2003A430A /* LeEat */,
				3A6A578C1D6EBFD2003A430A /* LeEatTests */,
				3A6A57971D6EBFD2003A430A /* LeEatUITests */,
			);
		};
/* End PBXProject section */

/* Begin PBXResourcesBuildPhase section */
		3A6A57771D6EBFD2003A430A /* Resources */ = {
			isa = PBXResourcesBuildPhase;
			buildActionMask = 2147483647;
			files = (
				3A6A57871D6EBFD2003A430A /* LaunchScreen.storyboard in Resources */,
				3A6A57841D6EBFD2003A430A /* Assets.xcassets in Resources */,
				3A6A57821D6EBFD2003A430A /* Main.storyboard in Resources */,
			);
			runOnlyForDeploymentPostprocessing = 0;
		};
		3A6A578B1D6EBFD2003A430A /* Resources */ = {
			isa = PBXResourcesBuildPhase;
			buildActionMask = 2147483647;
			files = (
			);
			runOnlyForDeploymentPostprocessing = 0;
		};
		3A6A57961D6EBFD2003A430A /* Resources */ = {
			isa = PBXResourcesBuildPhase;
			buildActionMask = 2147483647;
			files = (
			);
			runOnlyForDeploymentPostprocessing = 0;
		};
/* End PBXResourcesBuildPhase section */

/* Begin PBXShellScriptBuildPhase section */
		8930D5051DCE323A4FF23355 /* Embed Pods Frameworks */ = {
			isa = PBXShellScriptBuildPhase;
			buildActionMask = 2147483647;
			files = (
			);
			inputPaths = (
			);
			name = "Embed Pods Frameworks";
			outputPaths = (
			);
			runOnlyForDeploymentPostprocessing = 0;
			shellPath = /bin/sh;
			shellScript = "\"${SRCROOT}/Pods/Target Support Files/Pods-LeEat/Pods-LeEat-frameworks.sh\"\n";
			showEnvVarsInLog = 0;
		};
		8F8799CEB50DC296CF7300C1 /* Check Pods Manifest.lock */ = {
			isa = PBXShellScriptBuildPhase;
			buildActionMask = 2147483647;
			files = (
			);
			inputPaths = (
			);
			name = "Check Pods Manifest.lock";
			outputPaths = (
			);
			runOnlyForDeploymentPostprocessing = 0;
			shellPath = /bin/sh;
			shellScript = "diff \"${PODS_ROOT}/../Podfile.lock\" \"${PODS_ROOT}/Manifest.lock\" > /dev/null\nif [[ $? != 0 ]] ; then\n    cat << EOM\nerror: The sandbox is not in sync with the Podfile.lock. Run 'pod install' or update your CocoaPods installation.\nEOM\n    exit 1\nfi\n";
			showEnvVarsInLog = 0;
		};
		EB53ACEDEDA1D502122DABB6 /* Copy Pods Resources */ = {
			isa = PBXShellScriptBuildPhase;
			buildActionMask = 2147483647;
			files = (
			);
			inputPaths = (
			);
			name = "Copy Pods Resources";
			outputPaths = (
			);
			runOnlyForDeploymentPostprocessing = 0;
			shellPath = /bin/sh;
			shellScript = "\"${SRCROOT}/Pods/Target Support Files/Pods-LeEat/Pods-LeEat-resources.sh\"\n";
			showEnvVarsInLog = 0;
		};
/* End PBXShellScriptBuildPhase section */

/* Begin PBXSourcesBuildPhase section */
		3A6A57751D6EBFD2003A430A /* Sources */ = {
			isa = PBXSourcesBuildPhase;
			buildActionMask = 2147483647;
			files = (
				3A84B35D1D6EDFD80018496E /* User.swift in Sources */,
				3A84B35B1D6ECBE30018496E /* LeEatAPI.swift in Sources */,
				3A6A577F1D6EBFD2003A430A /* ViewController.swift in Sources */,
				3A6A577D1D6EBFD2003A430A /* AppDelegate.swift in Sources */,
			);
			runOnlyForDeploymentPostprocessing = 0;
		};
		3A6A57891D6EBFD2003A430A /* Sources */ = {
			isa = PBXSourcesBuildPhase;
			buildActionMask = 2147483647;
			files = (
				3A6A57921D6EBFD2003A430A /* LeEatTests.swift in Sources */,
			);
			runOnlyForDeploymentPostprocessing = 0;
		};
		3A6A57941D6EBFD2003A430A /* Sources */ = {
			isa = PBXSourcesBuildPhase;
			buildActionMask = 2147483647;
			files = (
				3A6A579D1D6EBFD2003A430A /* LeEatUITests.swift in Sources */,
			);
			runOnlyForDeploymentPostprocessing = 0;
		};
/* End PBXSourcesBuildPhase section */

/* Begin PBXTargetDependency section */
		3A6A578F1D6EBFD2003A430A /* PBXTargetDependency */ = {
			isa = PBXTargetDependency;
			target = 3A6A57781D6EBFD2003A430A /* LeEat */;
			targetProxy = 3A6A578E1D6EBFD2003A430A /* PBXContainerItemProxy */;
		};
		3A6A579A1D6EBFD2003A430A /* PBXTargetDependency */ = {
			isa = PBXTargetDependency;
			target = 3A6A57781D6EBFD2003A430A /* LeEat */;
			targetProxy = 3A6A57991D6EBFD2003A430A /* PBXContainerItemProxy */;
		};
/* End PBXTargetDependency section */

/* Begin PBXVariantGroup section */
		3A6A57801D6EBFD2003A430A /* Main.storyboard */ = {
			isa = PBXVariantGroup;
			children = (
				3A6A57811D6EBFD2003A430A /* Base */,
			);
			name = Main.storyboard;
			sourceTree = "<group>";
		};
		3A6A57851D6EBFD2003A430A /* LaunchScreen.storyboard */ = {
			isa = PBXVariantGroup;
			children = (
				3A6A57861D6EBFD2003A430A /* Base */,
			);
			name = LaunchScreen.storyboard;
			sourceTree = "<group>";
		};
/* End PBXVariantGroup section */

/* Begin XCBuildConfiguration section */
		3A6A579F1D6EBFD2003A430A /* Debug */ = {
			isa = XCBuildConfiguration;
			buildSettings = {
				ALWAYS_SEARCH_USER_PATHS = NO;
				CLANG_ANALYZER_NONNULL = YES;
				CLANG_CXX_LANGUAGE_STANDARD = "gnu++0x";
				CLANG_CXX_LIBRARY = "libc++";
				CLANG_ENABLE_MODULES = YES;
				CLANG_ENABLE_OBJC_ARC = YES;
				CLANG_WARN_BOOL_CONVERSION = YES;
				CLANG_WARN_CONSTANT_CONVERSION = YES;
				CLANG_WARN_DIRECT_OBJC_ISA_USAGE = YES_ERROR;
				CLANG_WARN_EMPTY_BODY = YES;
				CLANG_WARN_ENUM_CONVERSION = YES;
				CLANG_WARN_INT_CONVERSION = YES;
				CLANG_WARN_OBJC_ROOT_CLASS = YES_ERROR;
				CLANG_WARN_UNREACHABLE_CODE = YES;
				CLANG_WARN__DUPLICATE_METHOD_MATCH = YES;
				"CODE_SIGN_IDENTITY[sdk=iphoneos*]" = "iPhone Developer";
				COPY_PHASE_STRIP = NO;
				DEBUG_INFORMATION_FORMAT = dwarf;
				ENABLE_STRICT_OBJC_MSGSEND = YES;
				ENABLE_TESTABILITY = YES;
				GCC_C_LANGUAGE_STANDARD = gnu99;
				GCC_DYNAMIC_NO_PIC = NO;
				GCC_NO_COMMON_BLOCKS = YES;
				GCC_OPTIMIZATION_LEVEL = 0;
				GCC_PREPROCESSOR_DEFINITIONS = (
					"DEBUG=1",
					"$(inherited)",
				);
				GCC_WARN_64_TO_32_BIT_CONVERSION = YES;
				GCC_WARN_ABOUT_RETURN_TYPE = YES_ERROR;
				GCC_WARN_UNDECLARED_SELECTOR = YES;
				GCC_WARN_UNINITIALIZED_AUTOS = YES_AGGRESSIVE;
				GCC_WARN_UNUSED_FUNCTION = YES;
				GCC_WARN_UNUSED_VARIABLE = YES;
				IPHONEOS_DEPLOYMENT_TARGET = 9.3;
				MTL_ENABLE_DEBUG_INFO = YES;
				ONLY_ACTIVE_ARCH = YES;
				SDKROOT = iphoneos;
				SWIFT_OPTIMIZATION_LEVEL = "-Onone";
				TARGETED_DEVICE_FAMILY = "1,2";
			};
			name = Debug;
		};
		3A6A57A01D6EBFD2003A430A /* Release */ = {
			isa = XCBuildConfiguration;
			buildSettings = {
				ALWAYS_SEARCH_USER_PATHS = NO;
				CLANG_ANALYZER_NONNULL = YES;
				CLANG_CXX_LANGUAGE_STANDARD = "gnu++0x";
				CLANG_CXX_LIBRARY = "libc++";
				CLANG_ENABLE_MODULES = YES;
				CLANG_ENABLE_OBJC_ARC = YES;
				CLANG_WARN_BOOL_CONVERSION = YES;
				CLANG_WARN_CONSTANT_CONVERSION = YES;
				CLANG_WARN_DIRECT_OBJC_ISA_USAGE = YES_ERROR;
				CLANG_WARN_EMPTY_BODY = YES;
				CLANG_WARN_ENUM_CONVERSION = YES;
				CLANG_WARN_INT_CONVERSION = YES;
				CLANG_WARN_OBJC_ROOT_CLASS = YES_ERROR;
				CLANG_WARN_UNREACHABLE_CODE = YES;
				CLANG_WARN__DUPLICATE_METHOD_MATCH = YES;
				"CODE_SIGN_IDENTITY[sdk=iphoneos*]" = "iPhone Developer";
				COPY_PHASE_STRIP = NO;
				DEBUG_INFORMATION_FORMAT = "dwarf-with-dsym";
				ENABLE_NS_ASSERTIONS = NO;
				ENABLE_STRICT_OBJC_MSGSEND = YES;
				GCC_C_LANGUAGE_STANDARD = gnu99;
				GCC_NO_COMMON_BLOCKS = YES;
				GCC_WARN_64_TO_32_BIT_CONVERSION = YES;
				GCC_WARN_ABOUT_RETURN_TYPE = YES_ERROR;
				GCC_WARN_UNDECLARED_SELECTOR = YES;
				GCC_WARN_UNINITIALIZED_AUTOS = YES_AGGRESSIVE;
				GCC_WARN_UNUSED_FUNCTION = YES;
				GCC_WARN_UNUSED_VARIABLE = YES;
				IPHONEOS_DEPLOYMENT_TARGET = 9.3;
				MTL_ENABLE_DEBUG_INFO = NO;
				SDKROOT = iphoneos;
				TARGETED_DEVICE_FAMILY = "1,2";
				VALIDATE_PRODUCT = YES;
			};
			name = Release;
		};
		3A6A57A21D6EBFD2003A430A /* Debug */ = {
			isa = XCBuildConfiguration;
			baseConfigurationReference = B08F84725C8737C9E2C6FF2F /* Pods-LeEat.debug.xcconfig */;
			buildSettings = {
				ASSETCATALOG_COMPILER_APPICON_NAME = AppIcon;
				INFOPLIST_FILE = LeEat/Info.plist;
				IPHONEOS_DEPLOYMENT_TARGET = 8.0;
				LD_RUNPATH_SEARCH_PATHS = "$(inherited) @executable_path/Frameworks";
				PRODUCT_BUNDLE_IDENTIFIER = D.LeEat;
				PRODUCT_NAME = "$(TARGET_NAME)";
			};
			name = Debug;
		};
		3A6A57A31D6EBFD2003A430A /* Release */ = {
			isa = XCBuildConfiguration;
			baseConfigurationReference = 9A775EF1008BE826E3B95BFE /* Pods-LeEat.release.xcconfig */;
			buildSettings = {
				ASSETCATALOG_COMPILER_APPICON_NAME = AppIcon;
				INFOPLIST_FILE = LeEat/Info.plist;
				IPHONEOS_DEPLOYMENT_TARGET = 8.0;
				LD_RUNPATH_SEARCH_PATHS = "$(inherited) @executable_path/Frameworks";
				PRODUCT_BUNDLE_IDENTIFIER = D.LeEat;
				PRODUCT_NAME = "$(TARGET_NAME)";
			};
			name = Release;
		};
		3A6A57A51D6EBFD2003A430A /* Debug */ = {
			isa = XCBuildConfiguration;
			buildSettings = {
				BUNDLE_LOADER = "$(TEST_HOST)";
				INFOPLIST_FILE = LeEatTests/Info.plist;
				LD_RUNPATH_SEARCH_PATHS = "$(inherited) @executable_path/Frameworks @loader_path/Frameworks";
				PRODUCT_BUNDLE_IDENTIFIER = D.LeEatTests;
				PRODUCT_NAME = "$(TARGET_NAME)";
				TEST_HOST = "$(BUILT_PRODUCTS_DIR)/LeEat.app/LeEat";
			};
			name = Debug;
		};
		3A6A57A61D6EBFD2003A430A /* Release */ = {
			isa = XCBuildConfiguration;
			buildSettings = {
				BUNDLE_LOADER = "$(TEST_HOST)";
				INFOPLIST_FILE = LeEatTests/Info.plist;
				LD_RUNPATH_SEARCH_PATHS = "$(inherited) @executable_path/Frameworks @loader_path/Frameworks";
				PRODUCT_BUNDLE_IDENTIFIER = D.LeEatTests;
				PRODUCT_NAME = "$(TARGET_NAME)";
				TEST_HOST = "$(BUILT_PRODUCTS_DIR)/LeEat.app/LeEat";
			};
			name = Release;
		};
		3A6A57A81D6EBFD2003A430A /* Debug */ = {
			isa = XCBuildConfiguration;
			buildSettings = {
				INFOPLIST_FILE = LeEatUITests/Info.plist;
				LD_RUNPATH_SEARCH_PATHS = "$(inherited) @executable_path/Frameworks @loader_path/Frameworks";
				PRODUCT_BUNDLE_IDENTIFIER = D.LeEatUITests;
				PRODUCT_NAME = "$(TARGET_NAME)";
				TEST_TARGET_NAME = LeEat;
			};
			name = Debug;
		};
		3A6A57A91D6EBFD2003A430A /* Release */ = {
			isa = XCBuildConfiguration;
			buildSettings = {
				INFOPLIST_FILE = LeEatUITests/Info.plist;
				LD_RUNPATH_SEARCH_PATHS = "$(inherited) @executable_path/Frameworks @loader_path/Frameworks";
				PRODUCT_BUNDLE_IDENTIFIER = D.LeEatUITests;
				PRODUCT_NAME = "$(TARGET_NAME)";
				TEST_TARGET_NAME = LeEat;
			};
			name = Release;
		};
/* End XCBuildConfiguration section */

/* Begin XCConfigurationList section */
		3A6A57741D6EBFD2003A430A /* Build configuration list for PBXProject "LeEat" */ = {
			isa = XCConfigurationList;
			buildConfigurations = (
				3A6A579F1D6EBFD2003A430A /* Debug */,
				3A6A57A01D6EBFD2003A430A /* Release */,
			);
			defaultConfigurationIsVisible = 0;
			defaultConfigurationName = Release;
		};
		3A6A57A11D6EBFD2003A430A /* Build configuration list for PBXNativeTarget "LeEat" */ = {
			isa = XCConfigurationList;
			buildConfigurations = (
				3A6A57A21D6EBFD2003A430A /* Debug */,
				3A6A57A31D6EBFD2003A430A /* Release */,
			);
			defaultConfigurationIsVisible = 0;
			defaultConfigurationName = Release;
		};
		3A6A57A41D6EBFD2003A430A /* Build configuration list for PBXNativeTarget "LeEatTests" */ = {
			isa = XCConfigurationList;
			buildConfigurations = (
				3A6A57A51D6EBFD2003A430A /* Debug */,
				3A6A57A61D6EBFD2003A430A /* Release */,
			);
			defaultConfigurationIsVisible = 0;
			defaultConfigurationName = Release;
		};
		3A6A57A71D6EBFD2003A430A /* Build configuration list for PBXNativeTarget "LeEatUITests" */ = {
			isa = XCConfigurationList;
			buildConfigurations = (
				3A6A57A81D6EBFD2003A430A /* Debug */,
				3A6A57A91D6EBFD2003A430A /* Release */,
			);
			defaultConfigurationIsVisible = 0;
			defaultConfigurationName = Release;
		};
/* End XCConfigurationList section */
	};
	rootObject = 3A6A57711D6EBFD2003A430A /* Project object */;
}
